
Microsoft Visual Studio Solution File, Format Version 12.00
# Visual Studio Version 17
VisualStudioVersion = 17.4.33015.44
MinimumVisualStudioVersion = 10.0.40219.1
Project("{9A19103F-16F7-4668-BE54-9A1E7A4F7556}") = "ColorMC.Gui", "ColorMC.Gui\ColorMC.Gui.csproj", "{90603F2B-466D-46F9-A7B4-DC02352A4951}"
EndProject
Project("{9A19103F-16F7-4668-BE54-9A1E7A4F7556}") = "ColorMC.Core", "ColorMC.Core\ColorMC.Core.csproj", "{4BC47B1A-581B-4D81-8D49-3428F1E12579}"
EndProject
Project("{9A19103F-16F7-4668-BE54-9A1E7A4F7556}") = "ColorMC.Test", "ColorMC.Test\ColorMC.Test.csproj", "{58DB0030-E952-49B9-BFEE-DF292EBF57C1}"
EndProject
Project("{9A19103F-16F7-4668-BE54-9A1E7A4F7556}") = "ColorMC.Launcher", "ColorMC.Launcher\ColorMC.Launcher.csproj", "{60B8E35E-7277-4DCB-8175-49E71FBB8E2E}"
EndProject
Project("{2150E333-8FDC-42A3-9474-1A3956D46DE8}") = "Solution Items", "Solution Items", "{3245702D-4A8D-4556-942B-9CCA770580E1}"
	ProjectSection(SolutionItems) = preProject
		.editorconfig = .editorconfig
	EndProjectSection
EndProject
Project("{9A19103F-16F7-4668-BE54-9A1E7A4F7556}") = "Live2DCSharpSDK.App", "..\Live2DCSharpSDK\Live2DCSharpSDK.App\Live2DCSharpSDK.App.csproj", "{A8580C80-B8FA-410F-A916-A9149682E1B5}"
EndProject
Project("{9A19103F-16F7-4668-BE54-9A1E7A4F7556}") = "Live2DCSharpSDK.Framework", "..\Live2DCSharpSDK\Live2DCSharpSDK.Framework\Live2DCSharpSDK.Framework.csproj", "{39EC99EF-DD4C-4F09-88F7-103F25E1C80B}"
EndProject
Project("{9A19103F-16F7-4668-BE54-9A1E7A4F7556}") = "ColorMC.Android", "ColorMC.Android\ColorMC.Android.csproj", "{787E53DB-054D-4973-A7FE-25DA00EACE34}"
EndProject
Project("{8BC9CEB8-8B4A-11D0-8D11-00A0C91BC942}") = "ColorMC.Android.Lib", "ColorMC.Android.Lib\ColorMC.Android.Lib.vcxproj", "{79455553-6C54-4144-9AFF-0ECE84CFA9FF}"
EndProject
Global
	GlobalSection(SolutionConfigurationPlatforms) = preSolution
		Debug|Any CPU = Debug|Any CPU
		Debug|ARM = Debug|ARM
		Debug|ARM64 = Debug|ARM64
		Debug|x64 = Debug|x64
		Debug|x86 = Debug|x86
		Release|Any CPU = Release|Any CPU
		Release|ARM = Release|ARM
		Release|ARM64 = Release|ARM64
		Release|x64 = Release|x64
		Release|x86 = Release|x86
	EndGlobalSection
	GlobalSection(ProjectConfigurationPlatforms) = postSolution
		{90603F2B-466D-46F9-A7B4-DC02352A4951}.Debug|Any CPU.ActiveCfg = Debug|Any CPU
		{90603F2B-466D-46F9-A7B4-DC02352A4951}.Debug|Any CPU.Build.0 = Debug|Any CPU
		{90603F2B-466D-46F9-A7B4-DC02352A4951}.Debug|ARM.ActiveCfg = Debug|Any CPU
		{90603F2B-466D-46F9-A7B4-DC02352A4951}.Debug|ARM.Build.0 = Debug|Any CPU
		{90603F2B-466D-46F9-A7B4-DC02352A4951}.Debug|ARM64.ActiveCfg = Debug|Any CPU
		{90603F2B-466D-46F9-A7B4-DC02352A4951}.Debug|ARM64.Build.0 = Debug|Any CPU
		{90603F2B-466D-46F9-A7B4-DC02352A4951}.Debug|x64.ActiveCfg = Debug|x64
		{90603F2B-466D-46F9-A7B4-DC02352A4951}.Debug|x64.Build.0 = Debug|x64
		{90603F2B-466D-46F9-A7B4-DC02352A4951}.Debug|x86.ActiveCfg = Debug|Any CPU
		{90603F2B-466D-46F9-A7B4-DC02352A4951}.Debug|x86.Build.0 = Debug|Any CPU
		{90603F2B-466D-46F9-A7B4-DC02352A4951}.Release|Any CPU.ActiveCfg = Release|Any CPU
		{90603F2B-466D-46F9-A7B4-DC02352A4951}.Release|Any CPU.Build.0 = Release|Any CPU
		{90603F2B-466D-46F9-A7B4-DC02352A4951}.Release|ARM.ActiveCfg = Release|Any CPU
		{90603F2B-466D-46F9-A7B4-DC02352A4951}.Release|ARM.Build.0 = Release|Any CPU
		{90603F2B-466D-46F9-A7B4-DC02352A4951}.Release|ARM64.ActiveCfg = Release|Any CPU
		{90603F2B-466D-46F9-A7B4-DC02352A4951}.Release|ARM64.Build.0 = Release|Any CPU
		{90603F2B-466D-46F9-A7B4-DC02352A4951}.Release|x64.ActiveCfg = Release|x64
		{90603F2B-466D-46F9-A7B4-DC02352A4951}.Release|x64.Build.0 = Release|x64
		{90603F2B-466D-46F9-A7B4-DC02352A4951}.Release|x86.ActiveCfg = Release|Any CPU
		{90603F2B-466D-46F9-A7B4-DC02352A4951}.Release|x86.Build.0 = Release|Any CPU
		{4BC47B1A-581B-4D81-8D49-3428F1E12579}.Debug|Any CPU.ActiveCfg = Debug|Any CPU
		{4BC47B1A-581B-4D81-8D49-3428F1E12579}.Debug|Any CPU.Build.0 = Debug|Any CPU
		{4BC47B1A-581B-4D81-8D49-3428F1E12579}.Debug|ARM.ActiveCfg = Debug|Any CPU
		{4BC47B1A-581B-4D81-8D49-3428F1E12579}.Debug|ARM.Build.0 = Debug|Any CPU
		{4BC47B1A-581B-4D81-8D49-3428F1E12579}.Debug|ARM64.ActiveCfg = Debug|Any CPU
		{4BC47B1A-581B-4D81-8D49-3428F1E12579}.Debug|ARM64.Build.0 = Debug|Any CPU
		{4BC47B1A-581B-4D81-8D49-3428F1E12579}.Debug|x64.ActiveCfg = Debug|Any CPU
		{4BC47B1A-581B-4D81-8D49-3428F1E12579}.Debug|x64.Build.0 = Debug|Any CPU
		{4BC47B1A-581B-4D81-8D49-3428F1E12579}.Debug|x86.ActiveCfg = Debug|Any CPU
		{4BC47B1A-581B-4D81-8D49-3428F1E12579}.Debug|x86.Build.0 = Debug|Any CPU
		{4BC47B1A-581B-4D81-8D49-3428F1E12579}.Release|Any CPU.ActiveCfg = Release|Any CPU
		{4BC47B1A-581B-4D81-8D49-3428F1E12579}.Release|Any CPU.Build.0 = Release|Any CPU
		{4BC47B1A-581B-4D81-8D49-3428F1E12579}.Release|ARM.ActiveCfg = Release|Any CPU
		{4BC47B1A-581B-4D81-8D49-3428F1E12579}.Release|ARM.Build.0 = Release|Any CPU
		{4BC47B1A-581B-4D81-8D49-3428F1E12579}.Release|ARM64.ActiveCfg = Release|Any CPU
		{4BC47B1A-581B-4D81-8D49-3428F1E12579}.Release|ARM64.Build.0 = Release|Any CPU
		{4BC47B1A-581B-4D81-8D49-3428F1E12579}.Release|x64.ActiveCfg = Release|Any CPU
		{4BC47B1A-581B-4D81-8D49-3428F1E12579}.Release|x64.Build.0 = Release|Any CPU
		{4BC47B1A-581B-4D81-8D49-3428F1E12579}.Release|x86.ActiveCfg = Release|Any CPU
		{4BC47B1A-581B-4D81-8D49-3428F1E12579}.Release|x86.Build.0 = Release|Any CPU
		{58DB0030-E952-49B9-BFEE-DF292EBF57C1}.Debug|Any CPU.ActiveCfg = Debug|Any CPU
		{58DB0030-E952-49B9-BFEE-DF292EBF57C1}.Debug|Any CPU.Build.0 = Debug|Any CPU
		{58DB0030-E952-49B9-BFEE-DF292EBF57C1}.Debug|ARM.ActiveCfg = Debug|Any CPU
		{58DB0030-E952-49B9-BFEE-DF292EBF57C1}.Debug|ARM.Build.0 = Debug|Any CPU
		{58DB0030-E952-49B9-BFEE-DF292EBF57C1}.Debug|ARM64.ActiveCfg = Debug|Any CPU
		{58DB0030-E952-49B9-BFEE-DF292EBF57C1}.Debug|ARM64.Build.0 = Debug|Any CPU
		{58DB0030-E952-49B9-BFEE-DF292EBF57C1}.Debug|x64.ActiveCfg = Debug|Any CPU
		{58DB0030-E952-49B9-BFEE-DF292EBF57C1}.Debug|x64.Build.0 = Debug|Any CPU
		{58DB0030-E952-49B9-BFEE-DF292EBF57C1}.Debug|x86.ActiveCfg = Debug|Any CPU
		{58DB0030-E952-49B9-BFEE-DF292EBF57C1}.Debug|x86.Build.0 = Debug|Any CPU
		{58DB0030-E952-49B9-BFEE-DF292EBF57C1}.Release|Any CPU.ActiveCfg = Release|Any CPU
		{58DB0030-E952-49B9-BFEE-DF292EBF57C1}.Release|Any CPU.Build.0 = Release|Any CPU
		{58DB0030-E952-49B9-BFEE-DF292EBF57C1}.Release|ARM.ActiveCfg = Release|Any CPU
		{58DB0030-E952-49B9-BFEE-DF292EBF57C1}.Release|ARM.Build.0 = Release|Any CPU
		{58DB0030-E952-49B9-BFEE-DF292EBF57C1}.Release|ARM64.ActiveCfg = Release|Any CPU
		{58DB0030-E952-49B9-BFEE-DF292EBF57C1}.Release|ARM64.Build.0 = Release|Any CPU
		{58DB0030-E952-49B9-BFEE-DF292EBF57C1}.Release|x64.ActiveCfg = Release|Any CPU
		{58DB0030-E952-49B9-BFEE-DF292EBF57C1}.Release|x64.Build.0 = Release|Any CPU
		{58DB0030-E952-49B9-BFEE-DF292EBF57C1}.Release|x86.ActiveCfg = Release|Any CPU
		{58DB0030-E952-49B9-BFEE-DF292EBF57C1}.Release|x86.Build.0 = Release|Any CPU
		{60B8E35E-7277-4DCB-8175-49E71FBB8E2E}.Debug|Any CPU.ActiveCfg = Debug|Any CPU
		{60B8E35E-7277-4DCB-8175-49E71FBB8E2E}.Debug|Any CPU.Build.0 = Debug|Any CPU
		{60B8E35E-7277-4DCB-8175-49E71FBB8E2E}.Debug|ARM.ActiveCfg = Debug|Any CPU
		{60B8E35E-7277-4DCB-8175-49E71FBB8E2E}.Debug|ARM.Build.0 = Debug|Any CPU
		{60B8E35E-7277-4DCB-8175-49E71FBB8E2E}.Debug|ARM64.ActiveCfg = Debug|Any CPU
		{60B8E35E-7277-4DCB-8175-49E71FBB8E2E}.Debug|ARM64.Build.0 = Debug|Any CPU
		{60B8E35E-7277-4DCB-8175-49E71FBB8E2E}.Debug|x64.ActiveCfg = Debug|Any CPU
		{60B8E35E-7277-4DCB-8175-49E71FBB8E2E}.Debug|x64.Build.0 = Debug|Any CPU
		{60B8E35E-7277-4DCB-8175-49E71FBB8E2E}.Debug|x86.ActiveCfg = Debug|Any CPU
		{60B8E35E-7277-4DCB-8175-49E71FBB8E2E}.Debug|x86.Build.0 = Debug|Any CPU
		{60B8E35E-7277-4DCB-8175-49E71FBB8E2E}.Release|Any CPU.ActiveCfg = Release|Any CPU
		{60B8E35E-7277-4DCB-8175-49E71FBB8E2E}.Release|Any CPU.Build.0 = Release|Any CPU
		{60B8E35E-7277-4DCB-8175-49E71FBB8E2E}.Release|ARM.ActiveCfg = Release|Any CPU
		{60B8E35E-7277-4DCB-8175-49E71FBB8E2E}.Release|ARM.Build.0 = Release|Any CPU
		{60B8E35E-7277-4DCB-8175-49E71FBB8E2E}.Release|ARM64.ActiveCfg = Release|Any CPU
		{60B8E35E-7277-4DCB-8175-49E71FBB8E2E}.Release|ARM64.Build.0 = Release|Any CPU
		{60B8E35E-7277-4DCB-8175-49E71FBB8E2E}.Release|x64.ActiveCfg = Release|Any CPU
		{60B8E35E-7277-4DCB-8175-49E71FBB8E2E}.Release|x64.Build.0 = Release|Any CPU
		{60B8E35E-7277-4DCB-8175-49E71FBB8E2E}.Release|x86.ActiveCfg = Release|Any CPU
		{60B8E35E-7277-4DCB-8175-49E71FBB8E2E}.Release|x86.Build.0 = Release|Any CPU
		{A8580C80-B8FA-410F-A916-A9149682E1B5}.Debug|Any CPU.ActiveCfg = Debug|Any CPU
		{A8580C80-B8FA-410F-A916-A9149682E1B5}.Debug|Any CPU.Build.0 = Debug|Any CPU
		{A8580C80-B8FA-410F-A916-A9149682E1B5}.Debug|ARM.ActiveCfg = Debug|Any CPU
		{A8580C80-B8FA-410F-A916-A9149682E1B5}.Debug|ARM.Build.0 = Debug|Any CPU
		{A8580C80-B8FA-410F-A916-A9149682E1B5}.Debug|ARM64.ActiveCfg = Debug|Any CPU
		{A8580C80-B8FA-410F-A916-A9149682E1B5}.Debug|ARM64.Build.0 = Debug|Any CPU
		{A8580C80-B8FA-410F-A916-A9149682E1B5}.Debug|x64.ActiveCfg = Debug|Any CPU
		{A8580C80-B8FA-410F-A916-A9149682E1B5}.Debug|x64.Build.0 = Debug|Any CPU
		{A8580C80-B8FA-410F-A916-A9149682E1B5}.Debug|x86.ActiveCfg = Debug|Any CPU
		{A8580C80-B8FA-410F-A916-A9149682E1B5}.Debug|x86.Build.0 = Debug|Any CPU
		{A8580C80-B8FA-410F-A916-A9149682E1B5}.Release|Any CPU.ActiveCfg = Release|Any CPU
		{A8580C80-B8FA-410F-A916-A9149682E1B5}.Release|Any CPU.Build.0 = Release|Any CPU
		{A8580C80-B8FA-410F-A916-A9149682E1B5}.Release|ARM.ActiveCfg = Release|Any CPU
		{A8580C80-B8FA-410F-A916-A9149682E1B5}.Release|ARM.Build.0 = Release|Any CPU
		{A8580C80-B8FA-410F-A916-A9149682E1B5}.Release|ARM64.ActiveCfg = Release|Any CPU
		{A8580C80-B8FA-410F-A916-A9149682E1B5}.Release|ARM64.Build.0 = Release|Any CPU
		{A8580C80-B8FA-410F-A916-A9149682E1B5}.Release|x64.ActiveCfg = Release|Any CPU
		{A8580C80-B8FA-410F-A916-A9149682E1B5}.Release|x64.Build.0 = Release|Any CPU
		{A8580C80-B8FA-410F-A916-A9149682E1B5}.Release|x86.ActiveCfg = Release|Any CPU
		{A8580C80-B8FA-410F-A916-A9149682E1B5}.Release|x86.Build.0 = Release|Any CPU
		{39EC99EF-DD4C-4F09-88F7-103F25E1C80B}.Debug|Any CPU.ActiveCfg = Debug|Any CPU
		{39EC99EF-DD4C-4F09-88F7-103F25E1C80B}.Debug|Any CPU.Build.0 = Debug|Any CPU
		{39EC99EF-DD4C-4F09-88F7-103F25E1C80B}.Debug|ARM.ActiveCfg = Debug|Any CPU
		{39EC99EF-DD4C-4F09-88F7-103F25E1C80B}.Debug|ARM.Build.0 = Debug|Any CPU
		{39EC99EF-DD4C-4F09-88F7-103F25E1C80B}.Debug|ARM64.ActiveCfg = Debug|Any CPU
		{39EC99EF-DD4C-4F09-88F7-103F25E1C80B}.Debug|ARM64.Build.0 = Debug|Any CPU
		{39EC99EF-DD4C-4F09-88F7-103F25E1C80B}.Debug|x64.ActiveCfg = Debug|Any CPU
		{39EC99EF-DD4C-4F09-88F7-103F25E1C80B}.Debug|x64.Build.0 = Debug|Any CPU
		{39EC99EF-DD4C-4F09-88F7-103F25E1C80B}.Debug|x86.ActiveCfg = Debug|Any CPU
		{39EC99EF-DD4C-4F09-88F7-103F25E1C80B}.Debug|x86.Build.0 = Debug|Any CPU
		{39EC99EF-DD4C-4F09-88F7-103F25E1C80B}.Release|Any CPU.ActiveCfg = Release|Any CPU
		{39EC99EF-DD4C-4F09-88F7-103F25E1C80B}.Release|Any CPU.Build.0 = Release|Any CPU
		{39EC99EF-DD4C-4F09-88F7-103F25E1C80B}.Release|ARM.ActiveCfg = Release|Any CPU
		{39EC99EF-DD4C-4F09-88F7-103F25E1C80B}.Release|ARM.Build.0 = Release|Any CPU
		{39EC99EF-DD4C-4F09-88F7-103F25E1C80B}.Release|ARM64.ActiveCfg = Release|Any CPU
		{39EC99EF-DD4C-4F09-88F7-103F25E1C80B}.Release|ARM64.Build.0 = Release|Any CPU
		{39EC99EF-DD4C-4F09-88F7-103F25E1C80B}.Release|x64.ActiveCfg = Release|Any CPU
		{39EC99EF-DD4C-4F09-88F7-103F25E1C80B}.Release|x64.Build.0 = Release|Any CPU
		{39EC99EF-DD4C-4F09-88F7-103F25E1C80B}.Release|x86.ActiveCfg = Release|Any CPU
		{39EC99EF-DD4C-4F09-88F7-103F25E1C80B}.Release|x86.Build.0 = Release|Any CPU
		{787E53DB-054D-4973-A7FE-25DA00EACE34}.Debug|Any CPU.ActiveCfg = Debug|Any CPU
		{787E53DB-054D-4973-A7FE-25DA00EACE34}.Debug|Any CPU.Build.0 = Debug|Any CPU
		{787E53DB-054D-4973-A7FE-25DA00EACE34}.Debug|Any CPU.Deploy.0 = Debug|Any CPU
		{787E53DB-054D-4973-A7FE-25DA00EACE34}.Debug|ARM.ActiveCfg = Debug|Any CPU
		{787E53DB-054D-4973-A7FE-25DA00EACE34}.Debug|ARM.Build.0 = Debug|Any CPU
		{787E53DB-054D-4973-A7FE-25DA00EACE34}.Debug|ARM.Deploy.0 = Debug|Any CPU
		{787E53DB-054D-4973-A7FE-25DA00EACE34}.Debug|ARM64.ActiveCfg = Debug|Any CPU
		{787E53DB-054D-4973-A7FE-25DA00EACE34}.Debug|ARM64.Build.0 = Debug|Any CPU
		{787E53DB-054D-4973-A7FE-25DA00EACE34}.Debug|ARM64.Deploy.0 = Debug|Any CPU
		{787E53DB-054D-4973-A7FE-25DA00EACE34}.Debug|x64.ActiveCfg = Debug|Any CPU
		{787E53DB-054D-4973-A7FE-25DA00EACE34}.Debug|x64.Build.0 = Debug|Any CPU
		{787E53DB-054D-4973-A7FE-25DA00EACE34}.Debug|x64.Deploy.0 = Debug|Any CPU
		{787E53DB-054D-4973-A7FE-25DA00EACE34}.Debug|x86.ActiveCfg = Debug|Any CPU
		{787E53DB-054D-4973-A7FE-25DA00EACE34}.Debug|x86.Build.0 = Debug|Any CPU
		{787E53DB-054D-4973-A7FE-25DA00EACE34}.Debug|x86.Deploy.0 = Debug|Any CPU
		{787E53DB-054D-4973-A7FE-25DA00EACE34}.Release|Any CPU.ActiveCfg = Release|Any CPU
		{787E53DB-054D-4973-A7FE-25DA00EACE34}.Release|Any CPU.Build.0 = Release|Any CPU
		{787E53DB-054D-4973-A7FE-25DA00EACE34}.Release|Any CPU.Deploy.0 = Release|Any CPU
		{787E53DB-054D-4973-A7FE-25DA00EACE34}.Release|ARM.ActiveCfg = Release|Any CPU
		{787E53DB-054D-4973-A7FE-25DA00EACE34}.Release|ARM.Build.0 = Release|Any CPU
		{787E53DB-054D-4973-A7FE-25DA00EACE34}.Release|ARM.Deploy.0 = Release|Any CPU
		{787E53DB-054D-4973-A7FE-25DA00EACE34}.Release|ARM64.ActiveCfg = Release|Any CPU
		{787E53DB-054D-4973-A7FE-25DA00EACE34}.Release|ARM64.Build.0 = Release|Any CPU
		{787E53DB-054D-4973-A7FE-25DA00EACE34}.Release|ARM64.Deploy.0 = Release|Any CPU
		{787E53DB-054D-4973-A7FE-25DA00EACE34}.Release|x64.ActiveCfg = Release|Any CPU
		{787E53DB-054D-4973-A7FE-25DA00EACE34}.Release|x64.Build.0 = Release|Any CPU
		{787E53DB-054D-4973-A7FE-25DA00EACE34}.Release|x64.Deploy.0 = Release|Any CPU
		{787E53DB-054D-4973-A7FE-25DA00EACE34}.Release|x86.ActiveCfg = Release|Any CPU
		{787E53DB-054D-4973-A7FE-25DA00EACE34}.Release|x86.Build.0 = Release|Any CPU
		{787E53DB-054D-4973-A7FE-25DA00EACE34}.Release|x86.Deploy.0 = Release|Any CPU
		{79455553-6C54-4144-9AFF-0ECE84CFA9FF}.Debug|Any CPU.ActiveCfg = Debug|x64
		{79455553-6C54-4144-9AFF-0ECE84CFA9FF}.Debug|Any CPU.Build.0 = Debug|x64
		{79455553-6C54-4144-9AFF-0ECE84CFA9FF}.Debug|ARM.ActiveCfg = Debug|ARM
		{79455553-6C54-4144-9AFF-0ECE84CFA9FF}.Debug|ARM.Build.0 = Debug|ARM
		{79455553-6C54-4144-9AFF-0ECE84CFA9FF}.Debug|ARM64.ActiveCfg = Debug|ARM64
		{79455553-6C54-4144-9AFF-0ECE84CFA9FF}.Debug|ARM64.Build.0 = Debug|ARM64
		{79455553-6C54-4144-9AFF-0ECE84CFA9FF}.Debug|x64.ActiveCfg = Debug|x64
		{79455553-6C54-4144-9AFF-0ECE84CFA9FF}.Debug|x64.Build.0 = Debug|x64
		{79455553-6C54-4144-9AFF-0ECE84CFA9FF}.Debug|x86.ActiveCfg = Debug|x86
		{79455553-6C54-4144-9AFF-0ECE84CFA9FF}.Debug|x86.Build.0 = Debug|x86
		{79455553-6C54-4144-9AFF-0ECE84CFA9FF}.Release|Any CPU.ActiveCfg = Release|x64
		{79455553-6C54-4144-9AFF-0ECE84CFA9FF}.Release|Any CPU.Build.0 = Release|x64
		{79455553-6C54-4144-9AFF-0ECE84CFA9FF}.Release|ARM.ActiveCfg = Release|ARM
		{79455553-6C54-4144-9AFF-0ECE84CFA9FF}.Release|ARM.Build.0 = Release|ARM
		{79455553-6C54-4144-9AFF-0ECE84CFA9FF}.Release|ARM64.ActiveCfg = Release|ARM64
		{79455553-6C54-4144-9AFF-0ECE84CFA9FF}.Release|ARM64.Build.0 = Release|ARM64
		{79455553-6C54-4144-9AFF-0ECE84CFA9FF}.Release|x64.ActiveCfg = Release|x64
		{79455553-6C54-4144-9AFF-0ECE84CFA9FF}.Release|x64.Build.0 = Release|x64
		{79455553-6C54-4144-9AFF-0ECE84CFA9FF}.Release|x86.ActiveCfg = Release|x86
		{79455553-6C54-4144-9AFF-0ECE84CFA9FF}.Release|x86.Build.0 = Release|x86
	EndGlobalSection
	GlobalSection(SolutionProperties) = preSolution
		HideSolutionNode = FALSE
	EndGlobalSection
	GlobalSection(ExtensibilityGlobals) = postSolution
		SolutionGuid = {5AA5F393-92DF-4E3E-A1F0-180F3743DF15}
	EndGlobalSection
EndGlobal
