
Microsoft Visual Studio Solution File, Format Version 12.00
# Visual Studio Version 17
VisualStudioVersion = 17.4.33015.44
MinimumVisualStudioVersion = 10.0.40219.1
Project("{9A19103F-16F7-4668-BE54-9A1E7A4F7556}") = "ColorMC.Gui", "ColorMC.Gui\ColorMC.Gui.csproj", "{90603F2B-466D-46F9-A7B4-DC02352A4951}"
EndProject
Project("{9A19103F-16F7-4668-BE54-9A1E7A4F7556}") = "ColorMC.Core", "ColorMC.Core\ColorMC.Core.csproj", "{4BC47B1A-581B-4D81-8D49-3428F1E12579}"
EndProject
Project("{9A19103F-16F7-4668-BE54-9A1E7A4F7556}") = "ColorMC.Test", "ColorMC.Test\ColorMC.Test.csproj", "{58DB0030-E952-49B9-BFEE-DF292EBF57C1}"
EndProject
Project("{9A19103F-16F7-4668-BE54-9A1E7A4F7556}") = "ColorMC.Launcher", "ColorMC.Launcher\ColorMC.Launcher.csproj", "{60B8E35E-7277-4DCB-8175-49E71FBB8E2E}"
EndProject
Project("{2150E333-8FDC-42A3-9474-1A3956D46DE8}") = "Solution Items", "Solution Items", "{3245702D-4A8D-4556-942B-9CCA770580E1}"
	ProjectSection(SolutionItems) = preProject
		.editorconfig = .editorconfig
		Directory.Build.props = Directory.Build.props
	EndProjectSection
EndProject
Project("{9A19103F-16F7-4668-BE54-9A1E7A4F7556}") = "Live2DCSharpSDK.App", "..\Live2DCSharpSDK\Live2DCSharpSDK.App\Live2DCSharpSDK.App.csproj", "{A8580C80-B8FA-410F-A916-A9149682E1B5}"
EndProject
Project("{9A19103F-16F7-4668-BE54-9A1E7A4F7556}") = "Live2DCSharpSDK.Framework", "..\Live2DCSharpSDK\Live2DCSharpSDK.Framework\Live2DCSharpSDK.Framework.csproj", "{39EC99EF-DD4C-4F09-88F7-103F25E1C80B}"
EndProject
Project("{9A19103F-16F7-4668-BE54-9A1E7A4F7556}") = "ColorMC.CustomGui", "ColorMC.CustomGui\ColorMC.CustomGui.csproj", "{8543640C-A015-475F-90A1-CCA2B768C402}"
EndProject
Project("{9A19103F-16F7-4668-BE54-9A1E7A4F7556}") = "Live2DCSharpSDK.OpenGL", "..\Live2DCSharpSDK\Live2DCSharpSDK.OpenGL\Live2DCSharpSDK.OpenGL.csproj", "{5C2AE23D-ADCD-4B5D-A6CC-2FC137511EFA}"
EndProject
Project("{9A19103F-16F7-4668-BE54-9A1E7A4F7556}") = "MinecraftSkinRender", "..\MinecraftSkinRender\MinecraftSkinRender\MinecraftSkinRender.csproj", "{00DE6950-DE84-45AD-9FCE-00E2EE64E08D}"
EndProject
Project("{9A19103F-16F7-4668-BE54-9A1E7A4F7556}") = "MinecraftSkinRender.OpenGL", "..\MinecraftSkinRender\MinecraftSkinRender.OpenGL\MinecraftSkinRender.OpenGL.csproj", "{6750AA9B-DE5A-41B8-B867-05BD9497EDF8}"
EndProject
Project("{FAE04EC0-301F-11D3-BF4B-00C04F79EFBC}") = "MinecraftSkinRender.Image", "..\MinecraftSkinRender\MinecraftSkinRender.Image\MinecraftSkinRender.Image.csproj", "{91E55181-A289-3EB5-157E-41873A369DB2}"
EndProject
Global
	GlobalSection(SolutionConfigurationPlatforms) = preSolution
		Debug|Any CPU = Debug|Any CPU
		Debug|ARM = Debug|ARM
		Debug|ARM64 = Debug|ARM64
		Debug|x64 = Debug|x64
		Debug|x86 = Debug|x86
		Release|Any CPU = Release|Any CPU
		Release|ARM = Release|ARM
		Release|ARM64 = Release|ARM64
		Release|x64 = Release|x64
		Release|x86 = Release|x86
	EndGlobalSection
	GlobalSection(ProjectConfigurationPlatforms) = postSolution
		{90603F2B-466D-46F9-A7B4-DC02352A4951}.Debug|Any CPU.ActiveCfg = Debug|Any CPU
		{90603F2B-466D-46F9-A7B4-DC02352A4951}.Debug|Any CPU.Build.0 = Debug|Any CPU
		{90603F2B-466D-46F9-A7B4-DC02352A4951}.Debug|ARM.ActiveCfg = Debug|Any CPU
		{90603F2B-466D-46F9-A7B4-DC02352A4951}.Debug|ARM.Build.0 = Debug|Any CPU
		{90603F2B-466D-46F9-A7B4-DC02352A4951}.Debug|ARM64.ActiveCfg = Debug|Any CPU
		{90603F2B-466D-46F9-A7B4-DC02352A4951}.Debug|ARM64.Build.0 = Debug|Any CPU
		{90603F2B-466D-46F9-A7B4-DC02352A4951}.Debug|x64.ActiveCfg = Debug|x64
		{90603F2B-466D-46F9-A7B4-DC02352A4951}.Debug|x64.Build.0 = Debug|x64
		{90603F2B-466D-46F9-A7B4-DC02352A4951}.Debug|x86.ActiveCfg = Debug|Any CPU
		{90603F2B-466D-46F9-A7B4-DC02352A4951}.Debug|x86.Build.0 = Debug|Any CPU
		{90603F2B-466D-46F9-A7B4-DC02352A4951}.Release|Any CPU.ActiveCfg = Release|Any CPU
		{90603F2B-466D-46F9-A7B4-DC02352A4951}.Release|Any CPU.Build.0 = Release|Any CPU
		{90603F2B-466D-46F9-A7B4-DC02352A4951}.Release|ARM.ActiveCfg = Release|Any CPU
		{90603F2B-466D-46F9-A7B4-DC02352A4951}.Release|ARM.Build.0 = Release|Any CPU
		{90603F2B-466D-46F9-A7B4-DC02352A4951}.Release|ARM64.ActiveCfg = Release|Any CPU
		{90603F2B-466D-46F9-A7B4-DC02352A4951}.Release|ARM64.Build.0 = Release|Any CPU
		{90603F2B-466D-46F9-A7B4-DC02352A4951}.Release|x64.ActiveCfg = Release|x64
		{90603F2B-466D-46F9-A7B4-DC02352A4951}.Release|x64.Build.0 = Release|x64
		{90603F2B-466D-46F9-A7B4-DC02352A4951}.Release|x86.ActiveCfg = Release|Any CPU
		{90603F2B-466D-46F9-A7B4-DC02352A4951}.Release|x86.Build.0 = Release|Any CPU
		{4BC47B1A-581B-4D81-8D49-3428F1E12579}.Debug|Any CPU.ActiveCfg = Debug|Any CPU
		{4BC47B1A-581B-4D81-8D49-3428F1E12579}.Debug|Any CPU.Build.0 = Debug|Any CPU
		{4BC47B1A-581B-4D81-8D49-3428F1E12579}.Debug|ARM.ActiveCfg = Debug|Any CPU
		{4BC47B1A-581B-4D81-8D49-3428F1E12579}.Debug|ARM.Build.0 = Debug|Any CPU
		{4BC47B1A-581B-4D81-8D49-3428F1E12579}.Debug|ARM64.ActiveCfg = Debug|Any CPU
		{4BC47B1A-581B-4D81-8D49-3428F1E12579}.Debug|ARM64.Build.0 = Debug|Any CPU
		{4BC47B1A-581B-4D81-8D49-3428F1E12579}.Debug|x64.ActiveCfg = Debug|Any CPU
		{4BC47B1A-581B-4D81-8D49-3428F1E12579}.Debug|x64.Build.0 = Debug|Any CPU
		{4BC47B1A-581B-4D81-8D49-3428F1E12579}.Debug|x86.ActiveCfg = Debug|Any CPU
		{4BC47B1A-581B-4D81-8D49-3428F1E12579}.Debug|x86.Build.0 = Debug|Any CPU
		{4BC47B1A-581B-4D81-8D49-3428F1E12579}.Release|Any CPU.ActiveCfg = Release|Any CPU
		{4BC47B1A-581B-4D81-8D49-3428F1E12579}.Release|Any CPU.Build.0 = Release|Any CPU
		{4BC47B1A-581B-4D81-8D49-3428F1E12579}.Release|ARM.ActiveCfg = Release|Any CPU
		{4BC47B1A-581B-4D81-8D49-3428F1E12579}.Release|ARM.Build.0 = Release|Any CPU
		{4BC47B1A-581B-4D81-8D49-3428F1E12579}.Release|ARM64.ActiveCfg = Release|Any CPU
		{4BC47B1A-581B-4D81-8D49-3428F1E12579}.Release|ARM64.Build.0 = Release|Any CPU
		{4BC47B1A-581B-4D81-8D49-3428F1E12579}.Release|x64.ActiveCfg = Release|Any CPU
		{4BC47B1A-581B-4D81-8D49-3428F1E12579}.Release|x64.Build.0 = Release|Any CPU
		{4BC47B1A-581B-4D81-8D49-3428F1E12579}.Release|x86.ActiveCfg = Release|Any CPU
		{4BC47B1A-581B-4D81-8D49-3428F1E12579}.Release|x86.Build.0 = Release|Any CPU
		{58DB0030-E952-49B9-BFEE-DF292EBF57C1}.Debug|Any CPU.ActiveCfg = Debug|Any CPU
		{58DB0030-E952-49B9-BFEE-DF292EBF57C1}.Debug|Any CPU.Build.0 = Debug|Any CPU
		{58DB0030-E952-49B9-BFEE-DF292EBF57C1}.Debug|ARM.ActiveCfg = Debug|Any CPU
		{58DB0030-E952-49B9-BFEE-DF292EBF57C1}.Debug|ARM.Build.0 = Debug|Any CPU
		{58DB0030-E952-49B9-BFEE-DF292EBF57C1}.Debug|ARM64.ActiveCfg = Debug|Any CPU
		{58DB0030-E952-49B9-BFEE-DF292EBF57C1}.Debug|ARM64.Build.0 = Debug|Any CPU
		{58DB0030-E952-49B9-BFEE-DF292EBF57C1}.Debug|x64.ActiveCfg = Debug|Any CPU
		{58DB0030-E952-49B9-BFEE-DF292EBF57C1}.Debug|x64.Build.0 = Debug|Any CPU
		{58DB0030-E952-49B9-BFEE-DF292EBF57C1}.Debug|x86.ActiveCfg = Debug|Any CPU
		{58DB0030-E952-49B9-BFEE-DF292EBF57C1}.Debug|x86.Build.0 = Debug|Any CPU
		{58DB0030-E952-49B9-BFEE-DF292EBF57C1}.Release|Any CPU.ActiveCfg = Release|Any CPU
		{58DB0030-E952-49B9-BFEE-DF292EBF57C1}.Release|Any CPU.Build.0 = Release|Any CPU
		{58DB0030-E952-49B9-BFEE-DF292EBF57C1}.Release|ARM.ActiveCfg = Release|Any CPU
		{58DB0030-E952-49B9-BFEE-DF292EBF57C1}.Release|ARM.Build.0 = Release|Any CPU
		{58DB0030-E952-49B9-BFEE-DF292EBF57C1}.Release|ARM64.ActiveCfg = Release|Any CPU
		{58DB0030-E952-49B9-BFEE-DF292EBF57C1}.Release|ARM64.Build.0 = Release|Any CPU
		{58DB0030-E952-49B9-BFEE-DF292EBF57C1}.Release|x64.ActiveCfg = Release|Any CPU
		{58DB0030-E952-49B9-BFEE-DF292EBF57C1}.Release|x64.Build.0 = Release|Any CPU
		{58DB0030-E952-49B9-BFEE-DF292EBF57C1}.Release|x86.ActiveCfg = Release|Any CPU
		{58DB0030-E952-49B9-BFEE-DF292EBF57C1}.Release|x86.Build.0 = Release|Any CPU
		{60B8E35E-7277-4DCB-8175-49E71FBB8E2E}.Debug|Any CPU.ActiveCfg = Debug|Any CPU
		{60B8E35E-7277-4DCB-8175-49E71FBB8E2E}.Debug|Any CPU.Build.0 = Debug|Any CPU
		{60B8E35E-7277-4DCB-8175-49E71FBB8E2E}.Debug|ARM.ActiveCfg = Debug|Any CPU
		{60B8E35E-7277-4DCB-8175-49E71FBB8E2E}.Debug|ARM.Build.0 = Debug|Any CPU
		{60B8E35E-7277-4DCB-8175-49E71FBB8E2E}.Debug|ARM64.ActiveCfg = Debug|Any CPU
		{60B8E35E-7277-4DCB-8175-49E71FBB8E2E}.Debug|ARM64.Build.0 = Debug|Any CPU
		{60B8E35E-7277-4DCB-8175-49E71FBB8E2E}.Debug|x64.ActiveCfg = Debug|Any CPU
		{60B8E35E-7277-4DCB-8175-49E71FBB8E2E}.Debug|x64.Build.0 = Debug|Any CPU
		{60B8E35E-7277-4DCB-8175-49E71FBB8E2E}.Debug|x86.ActiveCfg = Debug|Any CPU
		{60B8E35E-7277-4DCB-8175-49E71FBB8E2E}.Debug|x86.Build.0 = Debug|Any CPU
		{60B8E35E-7277-4DCB-8175-49E71FBB8E2E}.Release|Any CPU.ActiveCfg = Release|Any CPU
		{60B8E35E-7277-4DCB-8175-49E71FBB8E2E}.Release|Any CPU.Build.0 = Release|Any CPU
		{60B8E35E-7277-4DCB-8175-49E71FBB8E2E}.Release|ARM.ActiveCfg = Release|Any CPU
		{60B8E35E-7277-4DCB-8175-49E71FBB8E2E}.Release|ARM.Build.0 = Release|Any CPU
		{60B8E35E-7277-4DCB-8175-49E71FBB8E2E}.Release|ARM64.ActiveCfg = Release|Any CPU
		{60B8E35E-7277-4DCB-8175-49E71FBB8E2E}.Release|ARM64.Build.0 = Release|Any CPU
		{60B8E35E-7277-4DCB-8175-49E71FBB8E2E}.Release|x64.ActiveCfg = Release|Any CPU
		{60B8E35E-7277-4DCB-8175-49E71FBB8E2E}.Release|x64.Build.0 = Release|Any CPU
		{60B8E35E-7277-4DCB-8175-49E71FBB8E2E}.Release|x86.ActiveCfg = Release|Any CPU
		{60B8E35E-7277-4DCB-8175-49E71FBB8E2E}.Release|x86.Build.0 = Release|Any CPU
		{A8580C80-B8FA-410F-A916-A9149682E1B5}.Debug|Any CPU.ActiveCfg = Debug|Any CPU
		{A8580C80-B8FA-410F-A916-A9149682E1B5}.Debug|Any CPU.Build.0 = Debug|Any CPU
		{A8580C80-B8FA-410F-A916-A9149682E1B5}.Debug|ARM.ActiveCfg = Debug|Any CPU
		{A8580C80-B8FA-410F-A916-A9149682E1B5}.Debug|ARM.Build.0 = Debug|Any CPU
		{A8580C80-B8FA-410F-A916-A9149682E1B5}.Debug|ARM64.ActiveCfg = Debug|Any CPU
		{A8580C80-B8FA-410F-A916-A9149682E1B5}.Debug|ARM64.Build.0 = Debug|Any CPU
		{A8580C80-B8FA-410F-A916-A9149682E1B5}.Debug|x64.ActiveCfg = Debug|Any CPU
		{A8580C80-B8FA-410F-A916-A9149682E1B5}.Debug|x64.Build.0 = Debug|Any CPU
		{A8580C80-B8FA-410F-A916-A9149682E1B5}.Debug|x86.ActiveCfg = Debug|Any CPU
		{A8580C80-B8FA-410F-A916-A9149682E1B5}.Debug|x86.Build.0 = Debug|Any CPU
		{A8580C80-B8FA-410F-A916-A9149682E1B5}.Release|Any CPU.ActiveCfg = Release|Any CPU
		{A8580C80-B8FA-410F-A916-A9149682E1B5}.Release|Any CPU.Build.0 = Release|Any CPU
		{A8580C80-B8FA-410F-A916-A9149682E1B5}.Release|ARM.ActiveCfg = Release|Any CPU
		{A8580C80-B8FA-410F-A916-A9149682E1B5}.Release|ARM.Build.0 = Release|Any CPU
		{A8580C80-B8FA-410F-A916-A9149682E1B5}.Release|ARM64.ActiveCfg = Release|Any CPU
		{A8580C80-B8FA-410F-A916-A9149682E1B5}.Release|ARM64.Build.0 = Release|Any CPU
		{A8580C80-B8FA-410F-A916-A9149682E1B5}.Release|x64.ActiveCfg = Release|Any CPU
		{A8580C80-B8FA-410F-A916-A9149682E1B5}.Release|x64.Build.0 = Release|Any CPU
		{A8580C80-B8FA-410F-A916-A9149682E1B5}.Release|x86.ActiveCfg = Release|Any CPU
		{A8580C80-B8FA-410F-A916-A9149682E1B5}.Release|x86.Build.0 = Release|Any CPU
		{39EC99EF-DD4C-4F09-88F7-103F25E1C80B}.Debug|Any CPU.ActiveCfg = Debug|Any CPU
		{39EC99EF-DD4C-4F09-88F7-103F25E1C80B}.Debug|Any CPU.Build.0 = Debug|Any CPU
		{39EC99EF-DD4C-4F09-88F7-103F25E1C80B}.Debug|ARM.ActiveCfg = Debug|Any CPU
		{39EC99EF-DD4C-4F09-88F7-103F25E1C80B}.Debug|ARM.Build.0 = Debug|Any CPU
		{39EC99EF-DD4C-4F09-88F7-103F25E1C80B}.Debug|ARM64.ActiveCfg = Debug|Any CPU
		{39EC99EF-DD4C-4F09-88F7-103F25E1C80B}.Debug|ARM64.Build.0 = Debug|Any CPU
		{39EC99EF-DD4C-4F09-88F7-103F25E1C80B}.Debug|x64.ActiveCfg = Debug|Any CPU
		{39EC99EF-DD4C-4F09-88F7-103F25E1C80B}.Debug|x64.Build.0 = Debug|Any CPU
		{39EC99EF-DD4C-4F09-88F7-103F25E1C80B}.Debug|x86.ActiveCfg = Debug|Any CPU
		{39EC99EF-DD4C-4F09-88F7-103F25E1C80B}.Debug|x86.Build.0 = Debug|Any CPU
		{39EC99EF-DD4C-4F09-88F7-103F25E1C80B}.Release|Any CPU.ActiveCfg = Release|Any CPU
		{39EC99EF-DD4C-4F09-88F7-103F25E1C80B}.Release|Any CPU.Build.0 = Release|Any CPU
		{39EC99EF-DD4C-4F09-88F7-103F25E1C80B}.Release|ARM.ActiveCfg = Release|Any CPU
		{39EC99EF-DD4C-4F09-88F7-103F25E1C80B}.Release|ARM.Build.0 = Release|Any CPU
		{39EC99EF-DD4C-4F09-88F7-103F25E1C80B}.Release|ARM64.ActiveCfg = Release|Any CPU
		{39EC99EF-DD4C-4F09-88F7-103F25E1C80B}.Release|ARM64.Build.0 = Release|Any CPU
		{39EC99EF-DD4C-4F09-88F7-103F25E1C80B}.Release|x64.ActiveCfg = Release|Any CPU
		{39EC99EF-DD4C-4F09-88F7-103F25E1C80B}.Release|x64.Build.0 = Release|Any CPU
		{39EC99EF-DD4C-4F09-88F7-103F25E1C80B}.Release|x86.ActiveCfg = Release|Any CPU
		{39EC99EF-DD4C-4F09-88F7-103F25E1C80B}.Release|x86.Build.0 = Release|Any CPU
		{8543640C-A015-475F-90A1-CCA2B768C402}.Debug|Any CPU.ActiveCfg = Debug|Any CPU
		{8543640C-A015-475F-90A1-CCA2B768C402}.Debug|Any CPU.Build.0 = Debug|Any CPU
		{8543640C-A015-475F-90A1-CCA2B768C402}.Debug|ARM.ActiveCfg = Debug|Any CPU
		{8543640C-A015-475F-90A1-CCA2B768C402}.Debug|ARM.Build.0 = Debug|Any CPU
		{8543640C-A015-475F-90A1-CCA2B768C402}.Debug|ARM64.ActiveCfg = Debug|Any CPU
		{8543640C-A015-475F-90A1-CCA2B768C402}.Debug|ARM64.Build.0 = Debug|Any CPU
		{8543640C-A015-475F-90A1-CCA2B768C402}.Debug|x64.ActiveCfg = Debug|Any CPU
		{8543640C-A015-475F-90A1-CCA2B768C402}.Debug|x64.Build.0 = Debug|Any CPU
		{8543640C-A015-475F-90A1-CCA2B768C402}.Debug|x86.ActiveCfg = Debug|Any CPU
		{8543640C-A015-475F-90A1-CCA2B768C402}.Debug|x86.Build.0 = Debug|Any CPU
		{8543640C-A015-475F-90A1-CCA2B768C402}.Release|Any CPU.ActiveCfg = Release|Any CPU
		{8543640C-A015-475F-90A1-CCA2B768C402}.Release|Any CPU.Build.0 = Release|Any CPU
		{8543640C-A015-475F-90A1-CCA2B768C402}.Release|ARM.ActiveCfg = Release|Any CPU
		{8543640C-A015-475F-90A1-CCA2B768C402}.Release|ARM.Build.0 = Release|Any CPU
		{8543640C-A015-475F-90A1-CCA2B768C402}.Release|ARM64.ActiveCfg = Release|Any CPU
		{8543640C-A015-475F-90A1-CCA2B768C402}.Release|ARM64.Build.0 = Release|Any CPU
		{8543640C-A015-475F-90A1-CCA2B768C402}.Release|x64.ActiveCfg = Release|Any CPU
		{8543640C-A015-475F-90A1-CCA2B768C402}.Release|x64.Build.0 = Release|Any CPU
		{8543640C-A015-475F-90A1-CCA2B768C402}.Release|x86.ActiveCfg = Release|Any CPU
		{8543640C-A015-475F-90A1-CCA2B768C402}.Release|x86.Build.0 = Release|Any CPU
		{5C2AE23D-ADCD-4B5D-A6CC-2FC137511EFA}.Debug|Any CPU.ActiveCfg = Debug|Any CPU
		{5C2AE23D-ADCD-4B5D-A6CC-2FC137511EFA}.Debug|Any CPU.Build.0 = Debug|Any CPU
		{5C2AE23D-ADCD-4B5D-A6CC-2FC137511EFA}.Debug|ARM.ActiveCfg = Debug|Any CPU
		{5C2AE23D-ADCD-4B5D-A6CC-2FC137511EFA}.Debug|ARM.Build.0 = Debug|Any CPU
		{5C2AE23D-ADCD-4B5D-A6CC-2FC137511EFA}.Debug|ARM64.ActiveCfg = Debug|Any CPU
		{5C2AE23D-ADCD-4B5D-A6CC-2FC137511EFA}.Debug|ARM64.Build.0 = Debug|Any CPU
		{5C2AE23D-ADCD-4B5D-A6CC-2FC137511EFA}.Debug|x64.ActiveCfg = Debug|Any CPU
		{5C2AE23D-ADCD-4B5D-A6CC-2FC137511EFA}.Debug|x64.Build.0 = Debug|Any CPU
		{5C2AE23D-ADCD-4B5D-A6CC-2FC137511EFA}.Debug|x86.ActiveCfg = Debug|Any CPU
		{5C2AE23D-ADCD-4B5D-A6CC-2FC137511EFA}.Debug|x86.Build.0 = Debug|Any CPU
		{5C2AE23D-ADCD-4B5D-A6CC-2FC137511EFA}.Release|Any CPU.ActiveCfg = Release|Any CPU
		{5C2AE23D-ADCD-4B5D-A6CC-2FC137511EFA}.Release|Any CPU.Build.0 = Release|Any CPU
		{5C2AE23D-ADCD-4B5D-A6CC-2FC137511EFA}.Release|ARM.ActiveCfg = Release|Any CPU
		{5C2AE23D-ADCD-4B5D-A6CC-2FC137511EFA}.Release|ARM.Build.0 = Release|Any CPU
		{5C2AE23D-ADCD-4B5D-A6CC-2FC137511EFA}.Release|ARM64.ActiveCfg = Release|Any CPU
		{5C2AE23D-ADCD-4B5D-A6CC-2FC137511EFA}.Release|ARM64.Build.0 = Release|Any CPU
		{5C2AE23D-ADCD-4B5D-A6CC-2FC137511EFA}.Release|x64.ActiveCfg = Release|Any CPU
		{5C2AE23D-ADCD-4B5D-A6CC-2FC137511EFA}.Release|x64.Build.0 = Release|Any CPU
		{5C2AE23D-ADCD-4B5D-A6CC-2FC137511EFA}.Release|x86.ActiveCfg = Release|Any CPU
		{5C2AE23D-ADCD-4B5D-A6CC-2FC137511EFA}.Release|x86.Build.0 = Release|Any CPU
		{00DE6950-DE84-45AD-9FCE-00E2EE64E08D}.Debug|Any CPU.ActiveCfg = Debug|Any CPU
		{00DE6950-DE84-45AD-9FCE-00E2EE64E08D}.Debug|Any CPU.Build.0 = Debug|Any CPU
		{00DE6950-DE84-45AD-9FCE-00E2EE64E08D}.Debug|ARM.ActiveCfg = Debug|Any CPU
		{00DE6950-DE84-45AD-9FCE-00E2EE64E08D}.Debug|ARM.Build.0 = Debug|Any CPU
		{00DE6950-DE84-45AD-9FCE-00E2EE64E08D}.Debug|ARM64.ActiveCfg = Debug|Any CPU
		{00DE6950-DE84-45AD-9FCE-00E2EE64E08D}.Debug|ARM64.Build.0 = Debug|Any CPU
		{00DE6950-DE84-45AD-9FCE-00E2EE64E08D}.Debug|x64.ActiveCfg = Debug|Any CPU
		{00DE6950-DE84-45AD-9FCE-00E2EE64E08D}.Debug|x64.Build.0 = Debug|Any CPU
		{00DE6950-DE84-45AD-9FCE-00E2EE64E08D}.Debug|x86.ActiveCfg = Debug|Any CPU
		{00DE6950-DE84-45AD-9FCE-00E2EE64E08D}.Debug|x86.Build.0 = Debug|Any CPU
		{00DE6950-DE84-45AD-9FCE-00E2EE64E08D}.Release|Any CPU.ActiveCfg = Release|Any CPU
		{00DE6950-DE84-45AD-9FCE-00E2EE64E08D}.Release|Any CPU.Build.0 = Release|Any CPU
		{00DE6950-DE84-45AD-9FCE-00E2EE64E08D}.Release|ARM.ActiveCfg = Release|Any CPU
		{00DE6950-DE84-45AD-9FCE-00E2EE64E08D}.Release|ARM.Build.0 = Release|Any CPU
		{00DE6950-DE84-45AD-9FCE-00E2EE64E08D}.Release|ARM64.ActiveCfg = Release|Any CPU
		{00DE6950-DE84-45AD-9FCE-00E2EE64E08D}.Release|ARM64.Build.0 = Release|Any CPU
		{00DE6950-DE84-45AD-9FCE-00E2EE64E08D}.Release|x64.ActiveCfg = Release|Any CPU
		{00DE6950-DE84-45AD-9FCE-00E2EE64E08D}.Release|x64.Build.0 = Release|Any CPU
		{00DE6950-DE84-45AD-9FCE-00E2EE64E08D}.Release|x86.ActiveCfg = Release|Any CPU
		{00DE6950-DE84-45AD-9FCE-00E2EE64E08D}.Release|x86.Build.0 = Release|Any CPU
		{6750AA9B-DE5A-41B8-B867-05BD9497EDF8}.Debug|Any CPU.ActiveCfg = Debug|Any CPU
		{6750AA9B-DE5A-41B8-B867-05BD9497EDF8}.Debug|Any CPU.Build.0 = Debug|Any CPU
		{6750AA9B-DE5A-41B8-B867-05BD9497EDF8}.Debug|ARM.ActiveCfg = Debug|Any CPU
		{6750AA9B-DE5A-41B8-B867-05BD9497EDF8}.Debug|ARM.Build.0 = Debug|Any CPU
		{6750AA9B-DE5A-41B8-B867-05BD9497EDF8}.Debug|ARM64.ActiveCfg = Debug|Any CPU
		{6750AA9B-DE5A-41B8-B867-05BD9497EDF8}.Debug|ARM64.Build.0 = Debug|Any CPU
		{6750AA9B-DE5A-41B8-B867-05BD9497EDF8}.Debug|x64.ActiveCfg = Debug|Any CPU
		{6750AA9B-DE5A-41B8-B867-05BD9497EDF8}.Debug|x64.Build.0 = Debug|Any CPU
		{6750AA9B-DE5A-41B8-B867-05BD9497EDF8}.Debug|x86.ActiveCfg = Debug|Any CPU
		{6750AA9B-DE5A-41B8-B867-05BD9497EDF8}.Debug|x86.Build.0 = Debug|Any CPU
		{6750AA9B-DE5A-41B8-B867-05BD9497EDF8}.Release|Any CPU.ActiveCfg = Release|Any CPU
		{6750AA9B-DE5A-41B8-B867-05BD9497EDF8}.Release|Any CPU.Build.0 = Release|Any CPU
		{6750AA9B-DE5A-41B8-B867-05BD9497EDF8}.Release|ARM.ActiveCfg = Release|Any CPU
		{6750AA9B-DE5A-41B8-B867-05BD9497EDF8}.Release|ARM.Build.0 = Release|Any CPU
		{6750AA9B-DE5A-41B8-B867-05BD9497EDF8}.Release|ARM64.ActiveCfg = Release|Any CPU
		{6750AA9B-DE5A-41B8-B867-05BD9497EDF8}.Release|ARM64.Build.0 = Release|Any CPU
		{6750AA9B-DE5A-41B8-B867-05BD9497EDF8}.Release|x64.ActiveCfg = Release|Any CPU
		{6750AA9B-DE5A-41B8-B867-05BD9497EDF8}.Release|x64.Build.0 = Release|Any CPU
		{6750AA9B-DE5A-41B8-B867-05BD9497EDF8}.Release|x86.ActiveCfg = Release|Any CPU
		{6750AA9B-DE5A-41B8-B867-05BD9497EDF8}.Release|x86.Build.0 = Release|Any CPU
		{91E55181-A289-3EB5-157E-41873A369DB2}.Debug|Any CPU.ActiveCfg = Debug|Any CPU
		{91E55181-A289-3EB5-157E-41873A369DB2}.Debug|Any CPU.Build.0 = Debug|Any CPU
		{91E55181-A289-3EB5-157E-41873A369DB2}.Debug|ARM.ActiveCfg = Debug|Any CPU
		{91E55181-A289-3EB5-157E-41873A369DB2}.Debug|ARM.Build.0 = Debug|Any CPU
		{91E55181-A289-3EB5-157E-41873A369DB2}.Debug|ARM64.ActiveCfg = Debug|Any CPU
		{91E55181-A289-3EB5-157E-41873A369DB2}.Debug|ARM64.Build.0 = Debug|Any CPU
		{91E55181-A289-3EB5-157E-41873A369DB2}.Debug|x64.ActiveCfg = Debug|Any CPU
		{91E55181-A289-3EB5-157E-41873A369DB2}.Debug|x64.Build.0 = Debug|Any CPU
		{91E55181-A289-3EB5-157E-41873A369DB2}.Debug|x86.ActiveCfg = Debug|Any CPU
		{91E55181-A289-3EB5-157E-41873A369DB2}.Debug|x86.Build.0 = Debug|Any CPU
		{91E55181-A289-3EB5-157E-41873A369DB2}.Release|Any CPU.ActiveCfg = Release|Any CPU
		{91E55181-A289-3EB5-157E-41873A369DB2}.Release|Any CPU.Build.0 = Release|Any CPU
		{91E55181-A289-3EB5-157E-41873A369DB2}.Release|ARM.ActiveCfg = Release|Any CPU
		{91E55181-A289-3EB5-157E-41873A369DB2}.Release|ARM.Build.0 = Release|Any CPU
		{91E55181-A289-3EB5-157E-41873A369DB2}.Release|ARM64.ActiveCfg = Release|Any CPU
		{91E55181-A289-3EB5-157E-41873A369DB2}.Release|ARM64.Build.0 = Release|Any CPU
		{91E55181-A289-3EB5-157E-41873A369DB2}.Release|x64.ActiveCfg = Release|Any CPU
		{91E55181-A289-3EB5-157E-41873A369DB2}.Release|x64.Build.0 = Release|Any CPU
		{91E55181-A289-3EB5-157E-41873A369DB2}.Release|x86.ActiveCfg = Release|Any CPU
		{91E55181-A289-3EB5-157E-41873A369DB2}.Release|x86.Build.0 = Release|Any CPU
	EndGlobalSection
	GlobalSection(SolutionProperties) = preSolution
		HideSolutionNode = FALSE
	EndGlobalSection
	GlobalSection(ExtensibilityGlobals) = postSolution
		SolutionGuid = {5AA5F393-92DF-4E3E-A1F0-180F3743DF15}
	EndGlobalSection
EndGlobal
