
Microsoft Visual Studio Solution File, Format Version 12.00
# Visual Studio Version 17
VisualStudioVersion = 17.4.33015.44
MinimumVisualStudioVersion = 10.0.40219.1
Project("{9A19103F-16F7-4668-BE54-9A1E7A4F7556}") = "ColorMC.Gui", "ColorMC.Gui\ColorMC.Gui.csproj", "{90603F2B-466D-46F9-A7B4-DC02352A4951}"
EndProject
Project("{9A19103F-16F7-4668-BE54-9A1E7A4F7556}") = "ColorMC.Core", "ColorMC.Core\ColorMC.Core.csproj", "{4BC47B1A-581B-4D81-8D49-3428F1E12579}"
EndProject
Project("{9A19103F-16F7-4668-BE54-9A1E7A4F7556}") = "ColorMC.Test", "ColorMC.Test\ColorMC.Test.csproj", "{58DB0030-E952-49B9-BFEE-DF292EBF57C1}"
EndProject
Project("{9A19103F-16F7-4668-BE54-9A1E7A4F7556}") = "ColorMC.Launcher", "ColorMC.Launcher\ColorMC.Launcher.csproj", "{60B8E35E-7277-4DCB-8175-49E71FBB8E2E}"
EndProject
Project("{2150E333-8FDC-42A3-9474-1A3956D46DE8}") = "Solution Items", "Solution Items", "{3245702D-4A8D-4556-942B-9CCA770580E1}"
	ProjectSection(SolutionItems) = preProject
		.editorconfig = .editorconfig
	EndProjectSection
EndProject
Project("{9A19103F-16F7-4668-BE54-9A1E7A4F7556}") = "Live2DCSharpSDK.App", "..\Live2DCSharpSDK\Live2DCSharpSDK.App\Live2DCSharpSDK.App.csproj", "{A8580C80-B8FA-410F-A916-A9149682E1B5}"
EndProject
Project("{9A19103F-16F7-4668-BE54-9A1E7A4F7556}") = "Live2DCSharpSDK.Framework", "..\Live2DCSharpSDK\Live2DCSharpSDK.Framework\Live2DCSharpSDK.Framework.csproj", "{39EC99EF-DD4C-4F09-88F7-103F25E1C80B}"
EndProject
Project("{9A19103F-16F7-4668-BE54-9A1E7A4F7556}") = "ColorMC.Android", "ColorMC.Android\ColorMC.Android.csproj", "{7B4AB179-2459-45AB-A361-440AE05CB51C}"
EndProject
Project("{FAE04EC0-301F-11D3-BF4B-00C04F79EFBC}") = "ColorMC.Android.Lib", "ColorMC.Android.Lib\ColorMC.Android.Lib.csproj", "{10B46962-A4BF-4660-9C97-5BA974C3583D}"
EndProject
Global
	GlobalSection(SolutionConfigurationPlatforms) = preSolution
		Debug|Any CPU = Debug|Any CPU
		Debug|x64 = Debug|x64
		Release|Any CPU = Release|Any CPU
		Release|x64 = Release|x64
	EndGlobalSection
	GlobalSection(ProjectConfigurationPlatforms) = postSolution
		{90603F2B-466D-46F9-A7B4-DC02352A4951}.Debug|Any CPU.ActiveCfg = Debug|Any CPU
		{90603F2B-466D-46F9-A7B4-DC02352A4951}.Debug|Any CPU.Build.0 = Debug|Any CPU
		{90603F2B-466D-46F9-A7B4-DC02352A4951}.Debug|x64.ActiveCfg = Debug|x64
		{90603F2B-466D-46F9-A7B4-DC02352A4951}.Debug|x64.Build.0 = Debug|x64
		{90603F2B-466D-46F9-A7B4-DC02352A4951}.Release|Any CPU.ActiveCfg = Release|Any CPU
		{90603F2B-466D-46F9-A7B4-DC02352A4951}.Release|Any CPU.Build.0 = Release|Any CPU
		{90603F2B-466D-46F9-A7B4-DC02352A4951}.Release|x64.ActiveCfg = Release|x64
		{90603F2B-466D-46F9-A7B4-DC02352A4951}.Release|x64.Build.0 = Release|x64
		{4BC47B1A-581B-4D81-8D49-3428F1E12579}.Debug|Any CPU.ActiveCfg = Debug|Any CPU
		{4BC47B1A-581B-4D81-8D49-3428F1E12579}.Debug|Any CPU.Build.0 = Debug|Any CPU
		{4BC47B1A-581B-4D81-8D49-3428F1E12579}.Debug|x64.ActiveCfg = Debug|Any CPU
		{4BC47B1A-581B-4D81-8D49-3428F1E12579}.Debug|x64.Build.0 = Debug|Any CPU
		{4BC47B1A-581B-4D81-8D49-3428F1E12579}.Release|Any CPU.ActiveCfg = Release|Any CPU
		{4BC47B1A-581B-4D81-8D49-3428F1E12579}.Release|Any CPU.Build.0 = Release|Any CPU
		{4BC47B1A-581B-4D81-8D49-3428F1E12579}.Release|x64.ActiveCfg = Release|Any CPU
		{4BC47B1A-581B-4D81-8D49-3428F1E12579}.Release|x64.Build.0 = Release|Any CPU
		{58DB0030-E952-49B9-BFEE-DF292EBF57C1}.Debug|Any CPU.ActiveCfg = Debug|Any CPU
		{58DB0030-E952-49B9-BFEE-DF292EBF57C1}.Debug|Any CPU.Build.0 = Debug|Any CPU
		{58DB0030-E952-49B9-BFEE-DF292EBF57C1}.Debug|x64.ActiveCfg = Debug|Any CPU
		{58DB0030-E952-49B9-BFEE-DF292EBF57C1}.Debug|x64.Build.0 = Debug|Any CPU
		{58DB0030-E952-49B9-BFEE-DF292EBF57C1}.Release|Any CPU.ActiveCfg = Release|Any CPU
		{58DB0030-E952-49B9-BFEE-DF292EBF57C1}.Release|Any CPU.Build.0 = Release|Any CPU
		{58DB0030-E952-49B9-BFEE-DF292EBF57C1}.Release|x64.ActiveCfg = Release|Any CPU
		{58DB0030-E952-49B9-BFEE-DF292EBF57C1}.Release|x64.Build.0 = Release|Any CPU
		{60B8E35E-7277-4DCB-8175-49E71FBB8E2E}.Debug|Any CPU.ActiveCfg = Debug|Any CPU
		{60B8E35E-7277-4DCB-8175-49E71FBB8E2E}.Debug|Any CPU.Build.0 = Debug|Any CPU
		{60B8E35E-7277-4DCB-8175-49E71FBB8E2E}.Debug|x64.ActiveCfg = Debug|Any CPU
		{60B8E35E-7277-4DCB-8175-49E71FBB8E2E}.Debug|x64.Build.0 = Debug|Any CPU
		{60B8E35E-7277-4DCB-8175-49E71FBB8E2E}.Release|Any CPU.ActiveCfg = Release|Any CPU
		{60B8E35E-7277-4DCB-8175-49E71FBB8E2E}.Release|Any CPU.Build.0 = Release|Any CPU
		{60B8E35E-7277-4DCB-8175-49E71FBB8E2E}.Release|x64.ActiveCfg = Release|Any CPU
		{60B8E35E-7277-4DCB-8175-49E71FBB8E2E}.Release|x64.Build.0 = Release|Any CPU
		{A8580C80-B8FA-410F-A916-A9149682E1B5}.Debug|Any CPU.ActiveCfg = Debug|Any CPU
		{A8580C80-B8FA-410F-A916-A9149682E1B5}.Debug|Any CPU.Build.0 = Debug|Any CPU
		{A8580C80-B8FA-410F-A916-A9149682E1B5}.Debug|x64.ActiveCfg = Debug|Any CPU
		{A8580C80-B8FA-410F-A916-A9149682E1B5}.Debug|x64.Build.0 = Debug|Any CPU
		{A8580C80-B8FA-410F-A916-A9149682E1B5}.Release|Any CPU.ActiveCfg = Release|Any CPU
		{A8580C80-B8FA-410F-A916-A9149682E1B5}.Release|Any CPU.Build.0 = Release|Any CPU
		{A8580C80-B8FA-410F-A916-A9149682E1B5}.Release|x64.ActiveCfg = Release|Any CPU
		{A8580C80-B8FA-410F-A916-A9149682E1B5}.Release|x64.Build.0 = Release|Any CPU
		{39EC99EF-DD4C-4F09-88F7-103F25E1C80B}.Debug|Any CPU.ActiveCfg = Debug|Any CPU
		{39EC99EF-DD4C-4F09-88F7-103F25E1C80B}.Debug|Any CPU.Build.0 = Debug|Any CPU
		{39EC99EF-DD4C-4F09-88F7-103F25E1C80B}.Debug|x64.ActiveCfg = Debug|Any CPU
		{39EC99EF-DD4C-4F09-88F7-103F25E1C80B}.Debug|x64.Build.0 = Debug|Any CPU
		{39EC99EF-DD4C-4F09-88F7-103F25E1C80B}.Release|Any CPU.ActiveCfg = Release|Any CPU
		{39EC99EF-DD4C-4F09-88F7-103F25E1C80B}.Release|Any CPU.Build.0 = Release|Any CPU
		{39EC99EF-DD4C-4F09-88F7-103F25E1C80B}.Release|x64.ActiveCfg = Release|Any CPU
		{39EC99EF-DD4C-4F09-88F7-103F25E1C80B}.Release|x64.Build.0 = Release|Any CPU
		{7B4AB179-2459-45AB-A361-440AE05CB51C}.Debug|Any CPU.ActiveCfg = Debug|Any CPU
		{7B4AB179-2459-45AB-A361-440AE05CB51C}.Debug|Any CPU.Build.0 = Debug|Any CPU
		{7B4AB179-2459-45AB-A361-440AE05CB51C}.Debug|Any CPU.Deploy.0 = Debug|Any CPU
		{7B4AB179-2459-45AB-A361-440AE05CB51C}.Debug|x64.ActiveCfg = Debug|Any CPU
		{7B4AB179-2459-45AB-A361-440AE05CB51C}.Debug|x64.Build.0 = Debug|Any CPU
		{7B4AB179-2459-45AB-A361-440AE05CB51C}.Debug|x64.Deploy.0 = Debug|Any CPU
		{7B4AB179-2459-45AB-A361-440AE05CB51C}.Release|Any CPU.ActiveCfg = Release|Any CPU
		{7B4AB179-2459-45AB-A361-440AE05CB51C}.Release|Any CPU.Build.0 = Release|Any CPU
		{7B4AB179-2459-45AB-A361-440AE05CB51C}.Release|Any CPU.Deploy.0 = Release|Any CPU
		{7B4AB179-2459-45AB-A361-440AE05CB51C}.Release|x64.ActiveCfg = Release|Any CPU
		{7B4AB179-2459-45AB-A361-440AE05CB51C}.Release|x64.Build.0 = Release|Any CPU
		{7B4AB179-2459-45AB-A361-440AE05CB51C}.Release|x64.Deploy.0 = Release|Any CPU
		{10B46962-A4BF-4660-9C97-5BA974C3583D}.Debug|Any CPU.ActiveCfg = Debug|Any CPU
		{10B46962-A4BF-4660-9C97-5BA974C3583D}.Debug|Any CPU.Build.0 = Debug|Any CPU
		{10B46962-A4BF-4660-9C97-5BA974C3583D}.Debug|x64.ActiveCfg = Debug|Any CPU
		{10B46962-A4BF-4660-9C97-5BA974C3583D}.Debug|x64.Build.0 = Debug|Any CPU
		{10B46962-A4BF-4660-9C97-5BA974C3583D}.Release|Any CPU.ActiveCfg = Release|Any CPU
		{10B46962-A4BF-4660-9C97-5BA974C3583D}.Release|Any CPU.Build.0 = Release|Any CPU
		{10B46962-A4BF-4660-9C97-5BA974C3583D}.Release|x64.ActiveCfg = Release|Any CPU
		{10B46962-A4BF-4660-9C97-5BA974C3583D}.Release|x64.Build.0 = Release|Any CPU
	EndGlobalSection
	GlobalSection(SolutionProperties) = preSolution
		HideSolutionNode = FALSE
	EndGlobalSection
	GlobalSection(ExtensibilityGlobals) = postSolution
		SolutionGuid = {5AA5F393-92DF-4E3E-A1F0-180F3743DF15}
	EndGlobalSection
EndGlobal
