
Microsoft Visual Studio Solution File, Format Version 12.00
# Visual Studio Version 17
VisualStudioVersion = 17.11.35208.52
MinimumVisualStudioVersion = 10.0.40219.1
Project("{9A19103F-16F7-4668-BE54-9A1E7A4F7556}") = "ColorMC.Setup.Wix", "ColorMC.Setup.Wix\ColorMC.Setup.Wix.csproj", "{0AAF6B64-6D7F-42F5-82BD-9E172A3F7761}"
EndProject
Global
	GlobalSection(SolutionConfigurationPlatforms) = preSolution
		Debug|Any CPU = Debug|Any CPU
		Release|Any CPU = Release|Any CPU
	EndGlobalSection
	GlobalSection(ProjectConfigurationPlatforms) = postSolution
		{0AAF6B64-6D7F-42F5-82BD-9E172A3F7761}.Debug|Any CPU.ActiveCfg = Debug|Any CPU
		{0AAF6B64-6D7F-42F5-82BD-9E172A3F7761}.Debug|Any CPU.Build.0 = Debug|Any CPU
		{0AAF6B64-6D7F-42F5-82BD-9E172A3F7761}.Release|Any CPU.ActiveCfg = Release|Any CPU
		{0AAF6B64-6D7F-42F5-82BD-9E172A3F7761}.Release|Any CPU.Build.0 = Release|Any CPU
	EndGlobalSection
	GlobalSection(SolutionProperties) = preSolution
		HideSolutionNode = FALSE
	EndGlobalSection
	GlobalSection(ExtensibilityGlobals) = postSolution
		SolutionGuid = {2DC32020-288B-43AD-89E4-DB9EC993C539}
	EndGlobalSection
EndGlobal
